
Microsoft Visual Studio Solution File, Format Version 12.00
# Visual Studio Version 17
VisualStudioVersion = 17.9.34902.65
MinimumVisualStudioVersion = 10.0.40219.1
Project("{9A19103F-16F7-4668-BE54-9A1E7A4F7556}") = "ATMSimulador", "ATMSimulador\ATMSimulador.csproj", "{0555AD92-6255-4DEF-B324-6F0E2938C06B}"
EndProject
Project("{9A19103F-16F7-4668-BE54-9A1E7A4F7556}") = "ATMSimulador.Domain", "ATMSimulador.Domain\ATMSimulador.Domain.csproj", "{C9B54B57-378E-4403-A4D9-B12CE34D3F0F}"
EndProject
Project("{FAE04EC0-301F-11D3-BF4B-00C04F79EFBC}") = "ATMSimulador.Hubs", "ATMSimulador.Hubs\ATMSimulador.Hubs.csproj", "{DA234769-E6EE-40D2-82DC-F79458AFA694}"
EndProject
Global
	GlobalSection(SolutionConfigurationPlatforms) = preSolution
		Debug|Any CPU = Debug|Any CPU
		Release|Any CPU = Release|Any CPU
	EndGlobalSection
	GlobalSection(ProjectConfigurationPlatforms) = postSolution
		{0555AD92-6255-4DEF-B324-6F0E2938C06B}.Debug|Any CPU.ActiveCfg = Debug|Any CPU
		{0555AD92-6255-4DEF-B324-6F0E2938C06B}.Debug|Any CPU.Build.0 = Debug|Any CPU
		{0555AD92-6255-4DEF-B324-6F0E2938C06B}.Release|Any CPU.ActiveCfg = Release|Any CPU
		{0555AD92-6255-4DEF-B324-6F0E2938C06B}.Release|Any CPU.Build.0 = Release|Any CPU
		{C9B54B57-378E-4403-A4D9-B12CE34D3F0F}.Debug|Any CPU.ActiveCfg = Debug|Any CPU
		{C9B54B57-378E-4403-A4D9-B12CE34D3F0F}.Debug|Any CPU.Build.0 = Debug|Any CPU
		{C9B54B57-378E-4403-A4D9-B12CE34D3F0F}.Release|Any CPU.ActiveCfg = Release|Any CPU
		{C9B54B57-378E-4403-A4D9-B12CE34D3F0F}.Release|Any CPU.Build.0 = Release|Any CPU
		{DA234769-E6EE-40D2-82DC-F79458AFA694}.Debug|Any CPU.ActiveCfg = Debug|Any CPU
		{DA234769-E6EE-40D2-82DC-F79458AFA694}.Debug|Any CPU.Build.0 = Debug|Any CPU
		{DA234769-E6EE-40D2-82DC-F79458AFA694}.Release|Any CPU.ActiveCfg = Release|Any CPU
		{DA234769-E6EE-40D2-82DC-F79458AFA694}.Release|Any CPU.Build.0 = Release|Any CPU
	EndGlobalSection
	GlobalSection(SolutionProperties) = preSolution
		HideSolutionNode = FALSE
	EndGlobalSection
	GlobalSection(ExtensibilityGlobals) = postSolution
		SolutionGuid = {90766391-F054-4361-A12D-3404A40AC55D}
	EndGlobalSection
EndGlobal
